// !$*UTF8*$!
{
	archiveVersion = 1;
	classes = {
	};
	objectVersion = 48;
	objects = {

/* Begin PBXBuildFile section */
		C11C183C2067E96000E76320 /* ErrorDisplay.swift in Sources */ = {isa = PBXBuildFile; fileRef = C11C183B2067E96000E76320 /* ErrorDisplay.swift */; };
		C12E7C60206A3349009A0AFF /* User.swift in Sources */ = {isa = PBXBuildFile; fileRef = C12E7C5F206A3349009A0AFF /* User.swift */; };
		C12E7C62206A6542009A0AFF /* Ref.swift in Sources */ = {isa = PBXBuildFile; fileRef = C12E7C61206A6542009A0AFF /* Ref.swift */; };
		C12E7C64206A6680009A0AFF /* BDD.swift in Sources */ = {isa = PBXBuildFile; fileRef = C12E7C63206A6680009A0AFF /* BDD.swift */; };
		C12E7C66206A6700009A0AFF /* Typealias.swift in Sources */ = {isa = PBXBuildFile; fileRef = C12E7C65206A6700009A0AFF /* Typealias.swift */; };
		C12E7C68206AA012009A0AFF /* UsernameView.swift in Sources */ = {isa = PBXBuildFile; fileRef = C12E7C67206AA012009A0AFF /* UsernameView.swift */; };
		C12E7C6A206AA07D009A0AFF /* UsernameView.xib in Resources */ = {isa = PBXBuildFile; fileRef = C12E7C69206AA07D009A0AFF /* UsernameView.xib */; };
		C156402C2067A43E0082769B /* AppDelegate.swift in Sources */ = {isa = PBXBuildFile; fileRef = C156402B2067A43E0082769B /* AppDelegate.swift */; };
		C156402E2067A43E0082769B /* ViewController.swift in Sources */ = {isa = PBXBuildFile; fileRef = C156402D2067A43E0082769B /* ViewController.swift */; };
		C15640332067A43E0082769B /* Assets.xcassets in Resources */ = {isa = PBXBuildFile; fileRef = C15640322067A43E0082769B /* Assets.xcassets */; };
		C15640362067A43E0082769B /* LaunchScreen.storyboard in Resources */ = {isa = PBXBuildFile; fileRef = C15640342067A43E0082769B /* LaunchScreen.storyboard */; };
		C156403E2067A4F30082769B /* GoogleService-Info.plist in Resources */ = {isa = PBXBuildFile; fileRef = C156403D2067A4F30082769B /* GoogleService-Info.plist */; };
		C15640462067B2420082769B /* ConnexionController.swift in Sources */ = {isa = PBXBuildFile; fileRef = C15640452067B2420082769B /* ConnexionController.swift */; };
		C15640482067B4690082769B /* LogoView.swift in Sources */ = {isa = PBXBuildFile; fileRef = C15640472067B4690082769B /* LogoView.swift */; };
		C156404A2067B9690082769B /* ConnexionView.swift in Sources */ = {isa = PBXBuildFile; fileRef = C15640492067B9690082769B /* ConnexionView.swift */; };
		C156404C2067B98C0082769B /* ConnexionView.xib in Resources */ = {isa = PBXBuildFile; fileRef = C156404B2067B98C0082769B /* ConnexionView.xib */; };
		C156404E2067BA8F0082769B /* UIExtensions.swift in Sources */ = {isa = PBXBuildFile; fileRef = C156404D2067BA8F0082769B /* UIExtensions.swift */; };
		C15640502067CA120082769B /* MyDelightButtons.swift in Sources */ = {isa = PBXBuildFile; fileRef = C156404F2067CA120082769B /* MyDelightButtons.swift */; };
		C1BC3AD0206FCFF00041FE5E /* Recipe.swift in Sources */ = {isa = PBXBuildFile; fileRef = C1BC3ACF206FCFF00041FE5E /* Recipe.swift */; };
		C1BC3AD2206FCFFC0041FE5E /* Category.swift in Sources */ = {isa = PBXBuildFile; fileRef = C1BC3AD1206FCFFB0041FE5E /* Category.swift */; };
		C1BC3AD4206FD0300041FE5E /* Ingredient.swift in Sources */ = {isa = PBXBuildFile; fileRef = C1BC3AD3206FD0300041FE5E /* Ingredient.swift */; };
		C1D7D877206AE48000CA9BE6 /* Constantes.swift in Sources */ = {isa = PBXBuildFile; fileRef = C1D7D876206AE48000CA9BE6 /* Constantes.swift */; };
		C1D7D87B206B8A2100CA9BE6 /* MyTabBar.swift in Sources */ = {isa = PBXBuildFile; fileRef = C1D7D87A206B8A2100CA9BE6 /* MyTabBar.swift */; };
		C1D7D87D206B8AE300CA9BE6 /* IndexController.swift in Sources */ = {isa = PBXBuildFile; fileRef = C1D7D87C206B8AE300CA9BE6 /* IndexController.swift */; };
		C1D7D880206B8B1D00CA9BE6 /* SearchController.swift in Sources */ = {isa = PBXBuildFile; fileRef = C1D7D87E206B8B1D00CA9BE6 /* SearchController.swift */; };
		C1D7D881206B8B1D00CA9BE6 /* SearchController.xib in Resources */ = {isa = PBXBuildFile; fileRef = C1D7D87F206B8B1D00CA9BE6 /* SearchController.xib */; };
		C1D7D884206B8B6C00CA9BE6 /* PublicationController.swift in Sources */ = {isa = PBXBuildFile; fileRef = C1D7D882206B8B6C00CA9BE6 /* PublicationController.swift */; };
		C1D7D885206B8B6C00CA9BE6 /* PublicationController.xib in Resources */ = {isa = PBXBuildFile; fileRef = C1D7D883206B8B6C00CA9BE6 /* PublicationController.xib */; };
		C1D7D889206B9C6F00CA9BE6 /* ProfileController.swift in Sources */ = {isa = PBXBuildFile; fileRef = C1D7D888206B9C6F00CA9BE6 /* ProfileController.swift */; };
		C1D7D88B206B9C9800CA9BE6 /* MyNav.swift in Sources */ = {isa = PBXBuildFile; fileRef = C1D7D88A206B9C9800CA9BE6 /* MyNav.swift */; };
		C1D7D88D206BA9F500CA9BE6 /* RecipeController.swift in Sources */ = {isa = PBXBuildFile; fileRef = C1D7D88C206BA9F500CA9BE6 /* RecipeController.swift */; };
		F2D2A845925D18257EDEF6FE /* Pods_MyDelightApp.framework in Frameworks */ = {isa = PBXBuildFile; fileRef = 50486DFE8885F0248CB0753E /* Pods_MyDelightApp.framework */; };
/* End PBXBuildFile section */

/* Begin PBXFileReference section */
		50486DFE8885F0248CB0753E /* Pods_MyDelightApp.framework */ = {isa = PBXFileReference; explicitFileType = wrapper.framework; includeInIndex = 0; path = Pods_MyDelightApp.framework; sourceTree = BUILT_PRODUCTS_DIR; };
		A4DA5B28854E2999FC7D303B /* Pods-MyDelightApp.release.xcconfig */ = {isa = PBXFileReference; includeInIndex = 1; lastKnownFileType = text.xcconfig; name = "Pods-MyDelightApp.release.xcconfig"; path = "Pods/Target Support Files/Pods-MyDelightApp/Pods-MyDelightApp.release.xcconfig"; sourceTree = "<group>"; };
		A90E39B57BCEEBA7A959AFDA /* Pods-MyDelightApp.debug.xcconfig */ = {isa = PBXFileReference; includeInIndex = 1; lastKnownFileType = text.xcconfig; name = "Pods-MyDelightApp.debug.xcconfig"; path = "Pods/Target Support Files/Pods-MyDelightApp/Pods-MyDelightApp.debug.xcconfig"; sourceTree = "<group>"; };
		C11C183B2067E96000E76320 /* ErrorDisplay.swift */ = {isa = PBXFileReference; lastKnownFileType = sourcecode.swift; path = ErrorDisplay.swift; sourceTree = "<group>"; };
		C12E7C5F206A3349009A0AFF /* User.swift */ = {isa = PBXFileReference; lastKnownFileType = sourcecode.swift; path = User.swift; sourceTree = "<group>"; };
		C12E7C61206A6542009A0AFF /* Ref.swift */ = {isa = PBXFileReference; lastKnownFileType = sourcecode.swift; path = Ref.swift; sourceTree = "<group>"; };
		C12E7C63206A6680009A0AFF /* BDD.swift */ = {isa = PBXFileReference; lastKnownFileType = sourcecode.swift; path = BDD.swift; sourceTree = "<group>"; };
		C12E7C65206A6700009A0AFF /* Typealias.swift */ = {isa = PBXFileReference; lastKnownFileType = sourcecode.swift; path = Typealias.swift; sourceTree = "<group>"; };
		C12E7C67206AA012009A0AFF /* UsernameView.swift */ = {isa = PBXFileReference; lastKnownFileType = sourcecode.swift; path = UsernameView.swift; sourceTree = "<group>"; };
		C12E7C69206AA07D009A0AFF /* UsernameView.xib */ = {isa = PBXFileReference; lastKnownFileType = file.xib; path = UsernameView.xib; sourceTree = "<group>"; };
		C15640282067A43E0082769B /* MyDelightApp.app */ = {isa = PBXFileReference; explicitFileType = wrapper.application; includeInIndex = 0; path = MyDelightApp.app; sourceTree = BUILT_PRODUCTS_DIR; };
		C156402B2067A43E0082769B /* AppDelegate.swift */ = {isa = PBXFileReference; lastKnownFileType = sourcecode.swift; path = AppDelegate.swift; sourceTree = "<group>"; };
		C156402D2067A43E0082769B /* ViewController.swift */ = {isa = PBXFileReference; lastKnownFileType = sourcecode.swift; path = ViewController.swift; sourceTree = "<group>"; };
		C15640322067A43E0082769B /* Assets.xcassets */ = {isa = PBXFileReference; lastKnownFileType = folder.assetcatalog; path = Assets.xcassets; sourceTree = "<group>"; };
		C15640352067A43E0082769B /* Base */ = {isa = PBXFileReference; lastKnownFileType = file.storyboard; name = Base; path = Base.lproj/LaunchScreen.storyboard; sourceTree = "<group>"; };
		C15640372067A43E0082769B /* Info.plist */ = {isa = PBXFileReference; lastKnownFileType = text.plist.xml; path = Info.plist; sourceTree = "<group>"; };
		C156403D2067A4F30082769B /* GoogleService-Info.plist */ = {isa = PBXFileReference; fileEncoding = 4; lastKnownFileType = text.plist.xml; path = "GoogleService-Info.plist"; sourceTree = "<group>"; };
		C15640452067B2420082769B /* ConnexionController.swift */ = {isa = PBXFileReference; lastKnownFileType = sourcecode.swift; path = ConnexionController.swift; sourceTree = "<group>"; };
		C15640472067B4690082769B /* LogoView.swift */ = {isa = PBXFileReference; lastKnownFileType = sourcecode.swift; path = LogoView.swift; sourceTree = "<group>"; };
		C15640492067B9690082769B /* ConnexionView.swift */ = {isa = PBXFileReference; lastKnownFileType = sourcecode.swift; path = ConnexionView.swift; sourceTree = "<group>"; };
		C156404B2067B98C0082769B /* ConnexionView.xib */ = {isa = PBXFileReference; lastKnownFileType = file.xib; path = ConnexionView.xib; sourceTree = "<group>"; };
		C156404D2067BA8F0082769B /* UIExtensions.swift */ = {isa = PBXFileReference; lastKnownFileType = sourcecode.swift; path = UIExtensions.swift; sourceTree = "<group>"; };
		C156404F2067CA120082769B /* MyDelightButtons.swift */ = {isa = PBXFileReference; lastKnownFileType = sourcecode.swift; path = MyDelightButtons.swift; sourceTree = "<group>"; };
		C1BC3ACF206FCFF00041FE5E /* Recipe.swift */ = {isa = PBXFileReference; lastKnownFileType = sourcecode.swift; path = Recipe.swift; sourceTree = "<group>"; };
		C1BC3AD1206FCFFB0041FE5E /* Category.swift */ = {isa = PBXFileReference; lastKnownFileType = sourcecode.swift; path = Category.swift; sourceTree = "<group>"; };
		C1BC3AD3206FD0300041FE5E /* Ingredient.swift */ = {isa = PBXFileReference; lastKnownFileType = sourcecode.swift; path = Ingredient.swift; sourceTree = "<group>"; };
		C1D7D876206AE48000CA9BE6 /* Constantes.swift */ = {isa = PBXFileReference; lastKnownFileType = sourcecode.swift; path = Constantes.swift; sourceTree = "<group>"; };
		C1D7D87A206B8A2100CA9BE6 /* MyTabBar.swift */ = {isa = PBXFileReference; lastKnownFileType = sourcecode.swift; path = MyTabBar.swift; sourceTree = "<group>"; };
		C1D7D87C206B8AE300CA9BE6 /* IndexController.swift */ = {isa = PBXFileReference; lastKnownFileType = sourcecode.swift; path = IndexController.swift; sourceTree = "<group>"; };
		C1D7D87E206B8B1D00CA9BE6 /* SearchController.swift */ = {isa = PBXFileReference; lastKnownFileType = sourcecode.swift; path = SearchController.swift; sourceTree = "<group>"; };
		C1D7D87F206B8B1D00CA9BE6 /* SearchController.xib */ = {isa = PBXFileReference; lastKnownFileType = file.xib; path = SearchController.xib; sourceTree = "<group>"; };
		C1D7D882206B8B6C00CA9BE6 /* PublicationController.swift */ = {isa = PBXFileReference; lastKnownFileType = sourcecode.swift; path = PublicationController.swift; sourceTree = "<group>"; };
		C1D7D883206B8B6C00CA9BE6 /* PublicationController.xib */ = {isa = PBXFileReference; lastKnownFileType = file.xib; path = PublicationController.xib; sourceTree = "<group>"; };
		C1D7D888206B9C6F00CA9BE6 /* ProfileController.swift */ = {isa = PBXFileReference; lastKnownFileType = sourcecode.swift; path = ProfileController.swift; sourceTree = "<group>"; };
		C1D7D88A206B9C9800CA9BE6 /* MyNav.swift */ = {isa = PBXFileReference; lastKnownFileType = sourcecode.swift; path = MyNav.swift; sourceTree = "<group>"; };
		C1D7D88C206BA9F500CA9BE6 /* RecipeController.swift */ = {isa = PBXFileReference; lastKnownFileType = sourcecode.swift; path = RecipeController.swift; sourceTree = "<group>"; };
/* End PBXFileReference section */

/* Begin PBXFrameworksBuildPhase section */
		C15640252067A43E0082769B /* Frameworks */ = {
			isa = PBXFrameworksBuildPhase;
			buildActionMask = 2147483647;
			files = (
				F2D2A845925D18257EDEF6FE /* Pods_MyDelightApp.framework in Frameworks */,
			);
			runOnlyForDeploymentPostprocessing = 0;
		};
/* End PBXFrameworksBuildPhase section */

/* Begin PBXGroup section */
		13C74D367C6B56553721258D /* Frameworks */ = {
			isa = PBXGroup;
			children = (
				50486DFE8885F0248CB0753E /* Pods_MyDelightApp.framework */,
			);
			name = Frameworks;
			sourceTree = "<group>";
		};
		1DC8D1393B4FB33B6BCA7981 /* Pods */ = {
			isa = PBXGroup;
			children = (
				A90E39B57BCEEBA7A959AFDA /* Pods-MyDelightApp.debug.xcconfig */,
				A4DA5B28854E2999FC7D303B /* Pods-MyDelightApp.release.xcconfig */,
			);
			name = Pods;
			sourceTree = "<group>";
		};
		C156401F2067A43E0082769B = {
			isa = PBXGroup;
			children = (
				C156402A2067A43E0082769B /* MyDelightApp */,
				C15640292067A43E0082769B /* Products */,
				1DC8D1393B4FB33B6BCA7981 /* Pods */,
				13C74D367C6B56553721258D /* Frameworks */,
			);
			sourceTree = "<group>";
		};
		C15640292067A43E0082769B /* Products */ = {
			isa = PBXGroup;
			children = (
				C15640282067A43E0082769B /* MyDelightApp.app */,
			);
			name = Products;
			sourceTree = "<group>";
		};
		C156402A2067A43E0082769B /* MyDelightApp */ = {
			isa = PBXGroup;
			children = (
				C1D7D875206AE44F00CA9BE6 /* Resources */,
				C15640432067A7500082769B /* Firebase Services */,
				C15640422067A73C0082769B /* Model */,
				C15640412067A7360082769B /* View */,
				C15640402067A72B0082769B /* Controller */,
				C156402B2067A43E0082769B /* AppDelegate.swift */,
				C156402D2067A43E0082769B /* ViewController.swift */,
				C15640322067A43E0082769B /* Assets.xcassets */,
				C15640342067A43E0082769B /* LaunchScreen.storyboard */,
				C156403F2067A4F90082769B /* Plist */,
			);
			path = MyDelightApp;
			sourceTree = "<group>";
		};
		C156403F2067A4F90082769B /* Plist */ = {
			isa = PBXGroup;
			children = (
				C156403D2067A4F30082769B /* GoogleService-Info.plist */,
				C15640372067A43E0082769B /* Info.plist */,
			);
			path = Plist;
			sourceTree = "<group>";
		};
		C15640402067A72B0082769B /* Controller */ = {
			isa = PBXGroup;
			children = (
				C15640452067B2420082769B /* ConnexionController.swift */,
				C1D7D87C206B8AE300CA9BE6 /* IndexController.swift */,
				C1D7D87E206B8B1D00CA9BE6 /* SearchController.swift */,
				C1D7D87F206B8B1D00CA9BE6 /* SearchController.xib */,
				C1D7D882206B8B6C00CA9BE6 /* PublicationController.swift */,
				C1D7D883206B8B6C00CA9BE6 /* PublicationController.xib */,
				C1D7D888206B9C6F00CA9BE6 /* ProfileController.swift */,
				C1D7D88C206BA9F500CA9BE6 /* RecipeController.swift */,
				C1D7D879206B89C600CA9BE6 /* NavEtTab */,
			);
			path = Controller;
			sourceTree = "<group>";
		};
		C15640412067A7360082769B /* View */ = {
			isa = PBXGroup;
			children = (
				C156404D2067BA8F0082769B /* UIExtensions.swift */,
				C156404F2067CA120082769B /* MyDelightButtons.swift */,
				C15640442067A7700082769B /* UIView */,
			);
			path = View;
			sourceTree = "<group>";
		};
		C15640422067A73C0082769B /* Model */ = {
			isa = PBXGroup;
			children = (
				C11C183B2067E96000E76320 /* ErrorDisplay.swift */,
				C12E7C5F206A3349009A0AFF /* User.swift */,
				C1BC3ACF206FCFF00041FE5E /* Recipe.swift */,
				C1BC3AD1206FCFFB0041FE5E /* Category.swift */,
				C1BC3AD3206FD0300041FE5E /* Ingredient.swift */,
			);
			path = Model;
			sourceTree = "<group>";
		};
		C15640432067A7500082769B /* Firebase Services */ = {
			isa = PBXGroup;
			children = (
				C12E7C61206A6542009A0AFF /* Ref.swift */,
				C12E7C63206A6680009A0AFF /* BDD.swift */,
				C12E7C65206A6700009A0AFF /* Typealias.swift */,
			);
			path = "Firebase Services";
			sourceTree = "<group>";
		};
		C15640442067A7700082769B /* UIView */ = {
			isa = PBXGroup;
			children = (
				C15640472067B4690082769B /* LogoView.swift */,
				C15640492067B9690082769B /* ConnexionView.swift */,
				C156404B2067B98C0082769B /* ConnexionView.xib */,
				C12E7C67206AA012009A0AFF /* UsernameView.swift */,
				C12E7C69206AA07D009A0AFF /* UsernameView.xib */,
			);
			path = UIView;
			sourceTree = "<group>";
		};
		C1D7D875206AE44F00CA9BE6 /* Resources */ = {
			isa = PBXGroup;
			children = (
				C1D7D876206AE48000CA9BE6 /* Constantes.swift */,
			);
			path = Resources;
			sourceTree = "<group>";
		};
		C1D7D879206B89C600CA9BE6 /* NavEtTab */ = {
			isa = PBXGroup;
			children = (
				C1D7D87A206B8A2100CA9BE6 /* MyTabBar.swift */,
				C1D7D88A206B9C9800CA9BE6 /* MyNav.swift */,
			);
			path = NavEtTab;
			sourceTree = "<group>";
		};
/* End PBXGroup section */

/* Begin PBXNativeTarget section */
		C15640272067A43E0082769B /* MyDelightApp */ = {
			isa = PBXNativeTarget;
			buildConfigurationList = C156403A2067A43E0082769B /* Build configuration list for PBXNativeTarget "MyDelightApp" */;
			buildPhases = (
				9B7EB8D2C041C79CE43DFD71 /* [CP] Check Pods Manifest.lock */,
				C15640242067A43E0082769B /* Sources */,
				C15640252067A43E0082769B /* Frameworks */,
				C15640262067A43E0082769B /* Resources */,
				A5F4C25A182F7CCA2C8107E8 /* [CP] Embed Pods Frameworks */,
				2BF8C0D567E65A09B31410AA /* [CP] Copy Pods Resources */,
			);
			buildRules = (
			);
			dependencies = (
			);
			name = MyDelightApp;
			productName = MyDelightApp;
			productReference = C15640282067A43E0082769B /* MyDelightApp.app */;
			productType = "com.apple.product-type.application";
		};
/* End PBXNativeTarget section */

/* Begin PBXProject section */
		C15640202067A43E0082769B /* Project object */ = {
			isa = PBXProject;
			attributes = {
				LastSwiftUpdateCheck = 0920;
				LastUpgradeCheck = 0920;
				ORGANIZATIONNAME = "vincent portier";
				TargetAttributes = {
					C15640272067A43E0082769B = {
						CreatedOnToolsVersion = 9.2;
						ProvisioningStyle = Automatic;
					};
				};
			};
			buildConfigurationList = C15640232067A43E0082769B /* Build configuration list for PBXProject "MyDelightApp" */;
			compatibilityVersion = "Xcode 8.0";
			developmentRegion = en;
			hasScannedForEncodings = 0;
			knownRegions = (
				en,
				Base,
			);
			mainGroup = C156401F2067A43E0082769B;
			productRefGroup = C15640292067A43E0082769B /* Products */;
			projectDirPath = "";
			projectRoot = "";
			targets = (
				C15640272067A43E0082769B /* MyDelightApp */,
			);
		};
/* End PBXProject section */

/* Begin PBXResourcesBuildPhase section */
		C15640262067A43E0082769B /* Resources */ = {
			isa = PBXResourcesBuildPhase;
			buildActionMask = 2147483647;
			files = (
				C1D7D885206B8B6C00CA9BE6 /* PublicationController.xib in Resources */,
				C15640362067A43E0082769B /* LaunchScreen.storyboard in Resources */,
				C1D7D881206B8B1D00CA9BE6 /* SearchController.xib in Resources */,
				C12E7C6A206AA07D009A0AFF /* UsernameView.xib in Resources */,
				C156403E2067A4F30082769B /* GoogleService-Info.plist in Resources */,
				C156404C2067B98C0082769B /* ConnexionView.xib in Resources */,
				C15640332067A43E0082769B /* Assets.xcassets in Resources */,
			);
			runOnlyForDeploymentPostprocessing = 0;
		};
/* End PBXResourcesBuildPhase section */

/* Begin PBXShellScriptBuildPhase section */
		2BF8C0D567E65A09B31410AA /* [CP] Copy Pods Resources */ = {
			isa = PBXShellScriptBuildPhase;
			buildActionMask = 2147483647;
			files = (
			);
			inputPaths = (
				"${SRCROOT}/Pods/Target Support Files/Pods-MyDelightApp/Pods-MyDelightApp-resources.sh",
				"${PODS_ROOT}/GoogleSignIn/Resources/GoogleSignIn.bundle",
				"${PODS_ROOT}/TwitterKit/iOS/TwitterKit.framework/TwitterKitResources.bundle",
				"${PODS_ROOT}/TwitterKit/iOS/TwitterKit.framework/TwitterShareExtensionUIResources.bundle",
			);
			name = "[CP] Copy Pods Resources";
			outputPaths = (
				"${TARGET_BUILD_DIR}/${UNLOCALIZED_RESOURCES_FOLDER_PATH}",
			);
			runOnlyForDeploymentPostprocessing = 0;
			shellPath = /bin/sh;
			shellScript = "\"${SRCROOT}/Pods/Target Support Files/Pods-MyDelightApp/Pods-MyDelightApp-resources.sh\"\n";
			showEnvVarsInLog = 0;
		};
		9B7EB8D2C041C79CE43DFD71 /* [CP] Check Pods Manifest.lock */ = {
			isa = PBXShellScriptBuildPhase;
			buildActionMask = 2147483647;
			files = (
			);
			inputPaths = (
				"${PODS_PODFILE_DIR_PATH}/Podfile.lock",
				"${PODS_ROOT}/Manifest.lock",
			);
			name = "[CP] Check Pods Manifest.lock";
			outputPaths = (
				"$(DERIVED_FILE_DIR)/Pods-MyDelightApp-checkManifestLockResult.txt",
			);
			runOnlyForDeploymentPostprocessing = 0;
			shellPath = /bin/sh;
			shellScript = "diff \"${PODS_PODFILE_DIR_PATH}/Podfile.lock\" \"${PODS_ROOT}/Manifest.lock\" > /dev/null\nif [ $? != 0 ] ; then\n    # print error to STDERR\n    echo \"error: The sandbox is not in sync with the Podfile.lock. Run 'pod install' or update your CocoaPods installation.\" >&2\n    exit 1\nfi\n# This output is used by Xcode 'outputs' to avoid re-running this script phase.\necho \"SUCCESS\" > \"${SCRIPT_OUTPUT_FILE_0}\"\n";
			showEnvVarsInLog = 0;
		};
		A5F4C25A182F7CCA2C8107E8 /* [CP] Embed Pods Frameworks */ = {
			isa = PBXShellScriptBuildPhase;
			buildActionMask = 2147483647;
			files = (
			);
			inputPaths = (
				"${SRCROOT}/Pods/Target Support Files/Pods-MyDelightApp/Pods-MyDelightApp-frameworks.sh",
				"${BUILT_PRODUCTS_DIR}/Bolts/Bolts.framework",
				"${BUILT_PRODUCTS_DIR}/FBSDKCoreKit/FBSDKCoreKit.framework",
				"${BUILT_PRODUCTS_DIR}/FBSDKLoginKit/FBSDKLoginKit.framework",
				"${BUILT_PRODUCTS_DIR}/FBSDKShareKit/FBSDKShareKit.framework",
				"${BUILT_PRODUCTS_DIR}/GTMOAuth2/GTMOAuth2.framework",
				"${BUILT_PRODUCTS_DIR}/GTMSessionFetcher/GTMSessionFetcher.framework",
				"${BUILT_PRODUCTS_DIR}/GoogleToolboxForMac/GoogleToolboxForMac.framework",
				"${BUILT_PRODUCTS_DIR}/SDWebImage/SDWebImage.framework",
				"${PODS_ROOT}/TwitterCore/iOS/TwitterCore.framework",
				"${PODS_ROOT}/TwitterKit/iOS/TwitterKit.framework",
				"${BUILT_PRODUCTS_DIR}/leveldb-library/leveldb.framework",
				"${BUILT_PRODUCTS_DIR}/nanopb/nanopb.framework",
			);
			name = "[CP] Embed Pods Frameworks";
			outputPaths = (
				"${TARGET_BUILD_DIR}/${FRAMEWORKS_FOLDER_PATH}/Bolts.framework",
				"${TARGET_BUILD_DIR}/${FRAMEWORKS_FOLDER_PATH}/FBSDKCoreKit.framework",
				"${TARGET_BUILD_DIR}/${FRAMEWORKS_FOLDER_PATH}/FBSDKLoginKit.framework",
				"${TARGET_BUILD_DIR}/${FRAMEWORKS_FOLDER_PATH}/FBSDKShareKit.framework",
				"${TARGET_BUILD_DIR}/${FRAMEWORKS_FOLDER_PATH}/GTMOAuth2.framework",
				"${TARGET_BUILD_DIR}/${FRAMEWORKS_FOLDER_PATH}/GTMSessionFetcher.framework",
				"${TARGET_BUILD_DIR}/${FRAMEWORKS_FOLDER_PATH}/GoogleToolboxForMac.framework",
				"${TARGET_BUILD_DIR}/${FRAMEWORKS_FOLDER_PATH}/SDWebImage.framework",
				"${TARGET_BUILD_DIR}/${FRAMEWORKS_FOLDER_PATH}/TwitterCore.framework",
				"${TARGET_BUILD_DIR}/${FRAMEWORKS_FOLDER_PATH}/TwitterKit.framework",
				"${TARGET_BUILD_DIR}/${FRAMEWORKS_FOLDER_PATH}/leveldb.framework",
				"${TARGET_BUILD_DIR}/${FRAMEWORKS_FOLDER_PATH}/nanopb.framework",
			);
			runOnlyForDeploymentPostprocessing = 0;
			shellPath = /bin/sh;
			shellScript = "\"${SRCROOT}/Pods/Target Support Files/Pods-MyDelightApp/Pods-MyDelightApp-frameworks.sh\"\n";
			showEnvVarsInLog = 0;
		};
/* End PBXShellScriptBuildPhase section */

/* Begin PBXSourcesBuildPhase section */
		C15640242067A43E0082769B /* Sources */ = {
			isa = PBXSourcesBuildPhase;
			buildActionMask = 2147483647;
			files = (
				C156402E2067A43E0082769B /* ViewController.swift in Sources */,
				C12E7C64206A6680009A0AFF /* BDD.swift in Sources */,
				C1D7D88D206BA9F500CA9BE6 /* RecipeController.swift in Sources */,
				C15640482067B4690082769B /* LogoView.swift in Sources */,
				C156404A2067B9690082769B /* ConnexionView.swift in Sources */,
				C156404E2067BA8F0082769B /* UIExtensions.swift in Sources */,
				C1D7D880206B8B1D00CA9BE6 /* SearchController.swift in Sources */,
				C1D7D877206AE48000CA9BE6 /* Constantes.swift in Sources */,
				C11C183C2067E96000E76320 /* ErrorDisplay.swift in Sources */,
				C12E7C60206A3349009A0AFF /* User.swift in Sources */,
				C1D7D87B206B8A2100CA9BE6 /* MyTabBar.swift in Sources */,
				C156402C2067A43E0082769B /* AppDelegate.swift in Sources */,
				C12E7C68206AA012009A0AFF /* UsernameView.swift in Sources */,
				C12E7C62206A6542009A0AFF /* Ref.swift in Sources */,
				C1BC3AD2206FCFFC0041FE5E /* Category.swift in Sources */,
				C15640502067CA120082769B /* MyDelightButtons.swift in Sources */,
				C1D7D889206B9C6F00CA9BE6 /* ProfileController.swift in Sources */,
				C1D7D884206B8B6C00CA9BE6 /* PublicationController.swift in Sources */,
				C1D7D87D206B8AE300CA9BE6 /* IndexController.swift in Sources */,
				C12E7C66206A6700009A0AFF /* Typealias.swift in Sources */,
				C1BC3AD4206FD0300041FE5E /* Ingredient.swift in Sources */,
				C15640462067B2420082769B /* ConnexionController.swift in Sources */,
				C1D7D88B206B9C9800CA9BE6 /* MyNav.swift in Sources */,
				C1BC3AD0206FCFF00041FE5E /* Recipe.swift in Sources */,
			);
			runOnlyForDeploymentPostprocessing = 0;
		};
/* End PBXSourcesBuildPhase section */

/* Begin PBXVariantGroup section */
		C15640342067A43E0082769B /* LaunchScreen.storyboard */ = {
			isa = PBXVariantGroup;
			children = (
				C15640352067A43E0082769B /* Base */,
			);
			name = LaunchScreen.storyboard;
			sourceTree = "<group>";
		};
/* End PBXVariantGroup section */

/* Begin XCBuildConfiguration section */
		C15640382067A43E0082769B /* Debug */ = {
			isa = XCBuildConfiguration;
			buildSettings = {
				ALWAYS_SEARCH_USER_PATHS = NO;
				CLANG_ANALYZER_NONNULL = YES;
				CLANG_ANALYZER_NUMBER_OBJECT_CONVERSION = YES_AGGRESSIVE;
				CLANG_CXX_LANGUAGE_STANDARD = "gnu++14";
				CLANG_CXX_LIBRARY = "libc++";
				CLANG_ENABLE_MODULES = YES;
				CLANG_ENABLE_OBJC_ARC = YES;
				CLANG_WARN_BLOCK_CAPTURE_AUTORELEASING = YES;
				CLANG_WARN_BOOL_CONVERSION = YES;
				CLANG_WARN_COMMA = YES;
				CLANG_WARN_CONSTANT_CONVERSION = YES;
				CLANG_WARN_DIRECT_OBJC_ISA_USAGE = YES_ERROR;
				CLANG_WARN_DOCUMENTATION_COMMENTS = YES;
				CLANG_WARN_EMPTY_BODY = YES;
				CLANG_WARN_ENUM_CONVERSION = YES;
				CLANG_WARN_INFINITE_RECURSION = YES;
				CLANG_WARN_INT_CONVERSION = YES;
				CLANG_WARN_NON_LITERAL_NULL_CONVERSION = YES;
				CLANG_WARN_OBJC_LITERAL_CONVERSION = YES;
				CLANG_WARN_OBJC_ROOT_CLASS = YES_ERROR;
				CLANG_WARN_RANGE_LOOP_ANALYSIS = YES;
				CLANG_WARN_STRICT_PROTOTYPES = YES;
				CLANG_WARN_SUSPICIOUS_MOVE = YES;
				CLANG_WARN_UNGUARDED_AVAILABILITY = YES_AGGRESSIVE;
				CLANG_WARN_UNREACHABLE_CODE = YES;
				CLANG_WARN__DUPLICATE_METHOD_MATCH = YES;
				CODE_SIGN_IDENTITY = "iPhone Developer";
				COPY_PHASE_STRIP = NO;
				DEBUG_INFORMATION_FORMAT = dwarf;
				ENABLE_STRICT_OBJC_MSGSEND = YES;
				ENABLE_TESTABILITY = YES;
				GCC_C_LANGUAGE_STANDARD = gnu11;
				GCC_DYNAMIC_NO_PIC = NO;
				GCC_NO_COMMON_BLOCKS = YES;
				GCC_OPTIMIZATION_LEVEL = 0;
				GCC_PREPROCESSOR_DEFINITIONS = (
					"DEBUG=1",
					"$(inherited)",
				);
				GCC_WARN_64_TO_32_BIT_CONVERSION = YES;
				GCC_WARN_ABOUT_RETURN_TYPE = YES_ERROR;
				GCC_WARN_UNDECLARED_SELECTOR = YES;
				GCC_WARN_UNINITIALIZED_AUTOS = YES_AGGRESSIVE;
				GCC_WARN_UNUSED_FUNCTION = YES;
				GCC_WARN_UNUSED_VARIABLE = YES;
				IPHONEOS_DEPLOYMENT_TARGET = 11.2;
				MTL_ENABLE_DEBUG_INFO = YES;
				ONLY_ACTIVE_ARCH = YES;
				SDKROOT = iphoneos;
				SWIFT_ACTIVE_COMPILATION_CONDITIONS = DEBUG;
				SWIFT_OPTIMIZATION_LEVEL = "-Onone";
			};
			name = Debug;
		};
		C15640392067A43E0082769B /* Release */ = {
			isa = XCBuildConfiguration;
			buildSettings = {
				ALWAYS_SEARCH_USER_PATHS = NO;
				CLANG_ANALYZER_NONNULL = YES;
				CLANG_ANALYZER_NUMBER_OBJECT_CONVERSION = YES_AGGRESSIVE;
				CLANG_CXX_LANGUAGE_STANDARD = "gnu++14";
				CLANG_CXX_LIBRARY = "libc++";
				CLANG_ENABLE_MODULES = YES;
				CLANG_ENABLE_OBJC_ARC = YES;
				CLANG_WARN_BLOCK_CAPTURE_AUTORELEASING = YES;
				CLANG_WARN_BOOL_CONVERSION = YES;
				CLANG_WARN_COMMA = YES;
				CLANG_WARN_CONSTANT_CONVERSION = YES;
				CLANG_WARN_DIRECT_OBJC_ISA_USAGE = YES_ERROR;
				CLANG_WARN_DOCUMENTATION_COMMENTS = YES;
				CLANG_WARN_EMPTY_BODY = YES;
				CLANG_WARN_ENUM_CONVERSION = YES;
				CLANG_WARN_INFINITE_RECURSION = YES;
				CLANG_WARN_INT_CONVERSION = YES;
				CLANG_WARN_NON_LITERAL_NULL_CONVERSION = YES;
				CLANG_WARN_OBJC_LITERAL_CONVERSION = YES;
				CLANG_WARN_OBJC_ROOT_CLASS = YES_ERROR;
				CLANG_WARN_RANGE_LOOP_ANALYSIS = YES;
				CLANG_WARN_STRICT_PROTOTYPES = YES;
				CLANG_WARN_SUSPICIOUS_MOVE = YES;
				CLANG_WARN_UNGUARDED_AVAILABILITY = YES_AGGRESSIVE;
				CLANG_WARN_UNREACHABLE_CODE = YES;
				CLANG_WARN__DUPLICATE_METHOD_MATCH = YES;
				CODE_SIGN_IDENTITY = "iPhone Developer";
				COPY_PHASE_STRIP = NO;
				DEBUG_INFORMATION_FORMAT = "dwarf-with-dsym";
				ENABLE_NS_ASSERTIONS = NO;
				ENABLE_STRICT_OBJC_MSGSEND = YES;
				GCC_C_LANGUAGE_STANDARD = gnu11;
				GCC_NO_COMMON_BLOCKS = YES;
				GCC_WARN_64_TO_32_BIT_CONVERSION = YES;
				GCC_WARN_ABOUT_RETURN_TYPE = YES_ERROR;
				GCC_WARN_UNDECLARED_SELECTOR = YES;
				GCC_WARN_UNINITIALIZED_AUTOS = YES_AGGRESSIVE;
				GCC_WARN_UNUSED_FUNCTION = YES;
				GCC_WARN_UNUSED_VARIABLE = YES;
				IPHONEOS_DEPLOYMENT_TARGET = 11.2;
				MTL_ENABLE_DEBUG_INFO = NO;
				SDKROOT = iphoneos;
				SWIFT_OPTIMIZATION_LEVEL = "-Owholemodule";
				VALIDATE_PRODUCT = YES;
			};
			name = Release;
		};
		C156403B2067A43E0082769B /* Debug */ = {
			isa = XCBuildConfiguration;
			baseConfigurationReference = A90E39B57BCEEBA7A959AFDA /* Pods-MyDelightApp.debug.xcconfig */;
			buildSettings = {
				ASSETCATALOG_COMPILER_APPICON_NAME = AppIcon;
				CODE_SIGN_STYLE = Automatic;
				DEVELOPMENT_TEAM = W72835Q984;
				INFOPLIST_FILE = "$(SRCROOT)/MyDelightApp/Plist/Info.plist";
				IPHONEOS_DEPLOYMENT_TARGET = 9.1;
				LD_RUNPATH_SEARCH_PATHS = "$(inherited) @executable_path/Frameworks";
				PRODUCT_BUNDLE_IDENTIFIER = com.vp.MyDelightApp;
				PRODUCT_NAME = "$(TARGET_NAME)";
				SWIFT_VERSION = 4.0;
				TARGETED_DEVICE_FAMILY = "1,2";
			};
			name = Debug;
		};
		C156403C2067A43E0082769B /* Release */ = {
			isa = XCBuildConfiguration;
			baseConfigurationReference = A4DA5B28854E2999FC7D303B /* Pods-MyDelightApp.release.xcconfig */;
			buildSettings = {
				ASSETCATALOG_COMPILER_APPICON_NAME = AppIcon;
				CODE_SIGN_STYLE = Automatic;
				DEVELOPMENT_TEAM = W72835Q984;
				INFOPLIST_FILE = "$(SRCROOT)/MyDelightApp/Plist/Info.plist";
				IPHONEOS_DEPLOYMENT_TARGET = 9.1;
				LD_RUNPATH_SEARCH_PATHS = "$(inherited) @executable_path/Frameworks";
				PRODUCT_BUNDLE_IDENTIFIER = com.vp.MyDelightApp;
				PRODUCT_NAME = "$(TARGET_NAME)";
				SWIFT_VERSION = 4.0;
				TARGETED_DEVICE_FAMILY = "1,2";
			};
			name = Release;
		};
/* End XCBuildConfiguration section */

/* Begin XCConfigurationList section */
		C15640232067A43E0082769B /* Build configuration list for PBXProject "MyDelightApp" */ = {
			isa = XCConfigurationList;
			buildConfigurations = (
				C15640382067A43E0082769B /* Debug */,
				C15640392067A43E0082769B /* Release */,
			);
			defaultConfigurationIsVisible = 0;
			defaultConfigurationName = Release;
		};
		C156403A2067A43E0082769B /* Build configuration list for PBXNativeTarget "MyDelightApp" */ = {
			isa = XCConfigurationList;
			buildConfigurations = (
				C156403B2067A43E0082769B /* Debug */,
				C156403C2067A43E0082769B /* Release */,
			);
			defaultConfigurationIsVisible = 0;
			defaultConfigurationName = Release;
		};
/* End XCConfigurationList section */
	};
	rootObject = C15640202067A43E0082769B /* Project object */;
}
